
Microsoft Visual Studio Solution File, Format Version 12.00
# Visual Studio 15
VisualStudioVersion = 15.0.26228.9
MinimumVisualStudioVersion = 10.0.40219.1
Project("{FAE04EC0-301F-11D3-BF4B-00C04F79EFBC}") = "CheckForMeetingReminders", "CheckForMeetingReminders\CheckForMeetingReminders.csproj", "{A793A014-44ED-406A-AC26-859445280781}"
EndProject
Project("{FAE04EC0-301F-11D3-BF4B-00C04F79EFBC}") = "LibUsbDotNet", "..\..\..\Visual Studio 2017\Projects\CheckForMeetingReminders\Components\LibWinUsb\LibUsbDotNet.csproj", "{0A78F6FF-5586-4052-8104-E23FF83A7CE1}"
EndProject
Project("{FAE04EC0-301F-11D3-BF4B-00C04F79EFBC}") = "HidSharp", "..\..\..\Visual Studio 2017\Projects\CheckForMeetingReminders\Components\HidSharp\HidSharp.csproj", "{0DB86674-2A7B-4BDC-93C1-3F7DC771426C}"
EndProject
Project("{FAE04EC0-301F-11D3-BF4B-00C04F79EFBC}") = "BlinkStickDotNet", "..\..\..\Visual Studio 2017\Projects\CheckForMeetingReminders\BlinkStickDotNet\BlinkStickDotNet.csproj", "{7AAEBEBE-E38D-47B1-A04C-A055DCEB0757}"
EndProject
Global
	GlobalSection(SolutionConfigurationPlatforms) = preSolution
		Debug|Any CPU = Debug|Any CPU
		Debug|x86 = Debug|x86
		Release|Any CPU = Release|Any CPU
		Release|x86 = Release|x86
	EndGlobalSection
	GlobalSection(ProjectConfigurationPlatforms) = postSolution
		{A793A014-44ED-406A-AC26-859445280781}.Debug|Any CPU.ActiveCfg = Debug|Any CPU
		{A793A014-44ED-406A-AC26-859445280781}.Debug|Any CPU.Build.0 = Debug|Any CPU
		{A793A014-44ED-406A-AC26-859445280781}.Debug|x86.ActiveCfg = Debug|Any CPU
		{A793A014-44ED-406A-AC26-859445280781}.Release|Any CPU.ActiveCfg = Release|Any CPU
		{A793A014-44ED-406A-AC26-859445280781}.Release|Any CPU.Build.0 = Release|Any CPU
		{A793A014-44ED-406A-AC26-859445280781}.Release|x86.ActiveCfg = Release|Any CPU
		{0A78F6FF-5586-4052-8104-E23FF83A7CE1}.Debug|Any CPU.ActiveCfg = Debug|Any CPU
		{0A78F6FF-5586-4052-8104-E23FF83A7CE1}.Debug|Any CPU.Build.0 = Debug|Any CPU
		{0A78F6FF-5586-4052-8104-E23FF83A7CE1}.Debug|x86.ActiveCfg = Debug|x86
		{0A78F6FF-5586-4052-8104-E23FF83A7CE1}.Debug|x86.Build.0 = Debug|x86
		{0A78F6FF-5586-4052-8104-E23FF83A7CE1}.Release|Any CPU.ActiveCfg = Release|Any CPU
		{0A78F6FF-5586-4052-8104-E23FF83A7CE1}.Release|Any CPU.Build.0 = Release|Any CPU
		{0A78F6FF-5586-4052-8104-E23FF83A7CE1}.Release|x86.ActiveCfg = Release|x86
		{0A78F6FF-5586-4052-8104-E23FF83A7CE1}.Release|x86.Build.0 = Release|x86
		{0DB86674-2A7B-4BDC-93C1-3F7DC771426C}.Debug|Any CPU.ActiveCfg = Debug|Any CPU
		{0DB86674-2A7B-4BDC-93C1-3F7DC771426C}.Debug|Any CPU.Build.0 = Debug|Any CPU
		{0DB86674-2A7B-4BDC-93C1-3F7DC771426C}.Debug|x86.ActiveCfg = Debug|Any CPU
		{0DB86674-2A7B-4BDC-93C1-3F7DC771426C}.Debug|x86.Build.0 = Debug|Any CPU
		{0DB86674-2A7B-4BDC-93C1-3F7DC771426C}.Release|Any CPU.ActiveCfg = Release|Any CPU
		{0DB86674-2A7B-4BDC-93C1-3F7DC771426C}.Release|Any CPU.Build.0 = Release|Any CPU
		{0DB86674-2A7B-4BDC-93C1-3F7DC771426C}.Release|x86.ActiveCfg = Release|Any CPU
		{0DB86674-2A7B-4BDC-93C1-3F7DC771426C}.Release|x86.Build.0 = Release|Any CPU
		{7AAEBEBE-E38D-47B1-A04C-A055DCEB0757}.Debug|Any CPU.ActiveCfg = Debug|Any CPU
		{7AAEBEBE-E38D-47B1-A04C-A055DCEB0757}.Debug|Any CPU.Build.0 = Debug|Any CPU
		{7AAEBEBE-E38D-47B1-A04C-A055DCEB0757}.Debug|x86.ActiveCfg = Debug|Any CPU
		{7AAEBEBE-E38D-47B1-A04C-A055DCEB0757}.Debug|x86.Build.0 = Debug|Any CPU
		{7AAEBEBE-E38D-47B1-A04C-A055DCEB0757}.Release|Any CPU.ActiveCfg = Release|Any CPU
		{7AAEBEBE-E38D-47B1-A04C-A055DCEB0757}.Release|Any CPU.Build.0 = Release|Any CPU
		{7AAEBEBE-E38D-47B1-A04C-A055DCEB0757}.Release|x86.ActiveCfg = Release|Any CPU
		{7AAEBEBE-E38D-47B1-A04C-A055DCEB0757}.Release|x86.Build.0 = Release|Any CPU
	EndGlobalSection
	GlobalSection(SolutionProperties) = preSolution
		HideSolutionNode = FALSE
	EndGlobalSection
EndGlobal
